
Microsoft Visual Studio Solution File, Format Version 12.00
# Visual Studio Version 16
VisualStudioVersion = 16.0.31729.503
MinimumVisualStudioVersion = 10.0.40219.1
Project("{FAE04EC0-301F-11D3-BF4B-00C04F79EFBC}") = "Session_Set_Get_DotNetCore", "Session_Set_Get_DotNetCore.csproj", "{0BA0B002-3252-4FF9-B672-CBC8B15C2FB3}"
EndProject
Global
	GlobalSection(SolutionConfigurationPlatforms) = preSolution
		Debug|Any CPU = Debug|Any CPU
		Release|Any CPU = Release|Any CPU
	EndGlobalSection
	GlobalSection(ProjectConfigurationPlatforms) = postSolution
		{0BA0B002-3252-4FF9-B672-CBC8B15C2FB3}.Debug|Any CPU.ActiveCfg = Debug|Any CPU
		{0BA0B002-3252-4FF9-B672-CBC8B15C2FB3}.Debug|Any CPU.Build.0 = Debug|Any CPU
		{0BA0B002-3252-4FF9-B672-CBC8B15C2FB3}.Release|Any CPU.ActiveCfg = Release|Any CPU
		{0BA0B002-3252-4FF9-B672-CBC8B15C2FB3}.Release|Any CPU.Build.0 = Release|Any CPU
	EndGlobalSection
	GlobalSection(SolutionProperties) = preSolution
		HideSolutionNode = FALSE
	EndGlobalSection
	GlobalSection(ExtensibilityGlobals) = postSolution
		SolutionGuid = {B1D225E1-7390-48EB-B088-23784A5DBBD8}
	EndGlobalSection
EndGlobal
